
Microsoft Visual Studio Solution File, Format Version 12.00
# Visual Studio 15
VisualStudioVersion = 15.0.28307.421
MinimumVisualStudioVersion = 10.0.40219.1
Project("{FAE04EC0-301F-11D3-BF4B-00C04F79EFBC}") = "RecursosHumanos", "RecursosHumanos\RecursosHumanos.csproj", "{549425C8-A270-4C58-9081-A1C2EBE80D45}"
EndProject
Global
	GlobalSection(SolutionConfigurationPlatforms) = preSolution
		Debug|Any CPU = Debug|Any CPU
		Release|Any CPU = Release|Any CPU
	EndGlobalSection
	GlobalSection(ProjectConfigurationPlatforms) = postSolution
		{549425C8-A270-4C58-9081-A1C2EBE80D45}.Debug|Any CPU.ActiveCfg = Debug|Any CPU
		{549425C8-A270-4C58-9081-A1C2EBE80D45}.Debug|Any CPU.Build.0 = Debug|Any CPU
		{549425C8-A270-4C58-9081-A1C2EBE80D45}.Release|Any CPU.ActiveCfg = Release|Any CPU
		{549425C8-A270-4C58-9081-A1C2EBE80D45}.Release|Any CPU.Build.0 = Release|Any CPU
	EndGlobalSection
	GlobalSection(SolutionProperties) = preSolution
		HideSolutionNode = FALSE
	EndGlobalSection
	GlobalSection(ExtensibilityGlobals) = postSolution
		SolutionGuid = {05AC1518-388A-4964-9702-6B512DAE0895}
	EndGlobalSection
EndGlobal
